{
  "lockfileVersion": 2,
  "configVersion": 1,
  "workspaces": {
    "": {
      "name": "crapp-mailer",
      "dependencies": {
        "nodemailer": "^10.0.11",
      },
    },
  },
  "packages": {
    "nodemailer": ["nodemailer@10.0.11", "", {}, "sha512-/c4P7U7aGpiNu2Rl08q525q2zECkUpSaf2zQPgIStCcAjHAkkQQKwD4sTyi3l91mGcLQrKzL1syXPHymo+Ogtw=="],
  }
}
